hash: b184d30ecff2893a8cccc7c8de9085ec4afd3fae2394623dd9239e2a3cad987a
updated: 2017-05-15T22:15:26.305683094+09:00
imports:
- name: github.com/garyburd/go-oauth
  version: 4f191fd0442e75c0c73bd00e4f5f27d4c08312ee
  subpackages:
  - oauth
- name: github.com/pkg/errors
  version: 645ef00459ed84a119197bfb8d8205042c6df63d
- name: golang.org/x/sync
  version: 57af736625aaa69dfa099432bb67e0808eef3bcc
  subpackages:
  - errgroup
testImports: []
